
Microsoft Visual Studio Solution File, Format Version 12.00
# Visual Studio 2012
Project("{FAE04EC0-301F-11D3-BF4B-00C04F79EFBC}") = "nztm", "nztm\nztm.csproj", "{BAA4955D-C03E-409A-A9F5-4C43B009621D}"
EndProject
Global
	GlobalSection(SolutionConfigurationPlatforms) = preSolution
		Debug|Any CPU = Debug|Any CPU
		Release|Any CPU = Release|Any CPU
	EndGlobalSection
	GlobalSection(ProjectConfigurationPlatforms) = postSolution
		{BAA4955D-C03E-409A-A9F5-4C43B009621D}.Debug|Any CPU.ActiveCfg = Debug|Any CPU
		{BAA4955D-C03E-409A-A9F5-4C43B009621D}.Debug|Any CPU.Build.0 = Debug|Any CPU
		{BAA4955D-C03E-409A-A9F5-4C43B009621D}.Release|Any CPU.ActiveCfg = Release|Any CPU
		{BAA4955D-C03E-409A-A9F5-4C43B009621D}.Release|Any CPU.Build.0 = Release|Any CPU
	EndGlobalSection
	GlobalSection(SolutionProperties) = preSolution
		HideSolutionNode = FALSE
	EndGlobalSection
EndGlobal
